
Microsoft Visual Studio Solution File, Format Version 12.00
# Visual Studio 15
VisualStudioVersion = 15.0.28307.136
MinimumVisualStudioVersion = 10.0.40219.1
Project("{2150E333-8FDC-42A3-9474-1A3956D46DE8}") = "Main", "Main", "{0CF509F9-0459-4312-A537-63BE66A1ACA2}"
EndProject
Project("{2150E333-8FDC-42A3-9474-1A3956D46DE8}") = "Presentation", "Presentation", "{3A79D9CC-4FCC-4606-B057-A5E2560C28A9}"
EndProject
Project("{2150E333-8FDC-42A3-9474-1A3956D46DE8}") = "Extensions", "Extensions", "{AE9BAB53-23AB-4668-8320-4893CAFA7B0B}"
EndProject
Project("{FAE04EC0-301F-11D3-BF4B-00C04F79EFBC}") = "Dora.ConsoleApp", "Source\Dora.ConsoleApp\Dora.ConsoleApp.csproj", "{57FCBF20-39A0-4C07-A48A-12800B228107}"
EndProject
Project("{FAE04EC0-301F-11D3-BF4B-00C04F79EFBC}") = "Dora", "Source\Dora\Dora.csproj", "{836025D5-A6FF-4CDE-9373-7016A2312196}"
EndProject
Global
	GlobalSection(SolutionConfigurationPlatforms) = preSolution
		Debug|Any CPU = Debug|Any CPU
		Release|Any CPU = Release|Any CPU
	EndGlobalSection
	GlobalSection(ProjectConfigurationPlatforms) = postSolution
		{57FCBF20-39A0-4C07-A48A-12800B228107}.Debug|Any CPU.ActiveCfg = Debug|Any CPU
		{57FCBF20-39A0-4C07-A48A-12800B228107}.Debug|Any CPU.Build.0 = Debug|Any CPU
		{57FCBF20-39A0-4C07-A48A-12800B228107}.Release|Any CPU.ActiveCfg = Release|Any CPU
		{57FCBF20-39A0-4C07-A48A-12800B228107}.Release|Any CPU.Build.0 = Release|Any CPU
		{836025D5-A6FF-4CDE-9373-7016A2312196}.Debug|Any CPU.ActiveCfg = Debug|Any CPU
		{836025D5-A6FF-4CDE-9373-7016A2312196}.Debug|Any CPU.Build.0 = Debug|Any CPU
		{836025D5-A6FF-4CDE-9373-7016A2312196}.Release|Any CPU.ActiveCfg = Release|Any CPU
		{836025D5-A6FF-4CDE-9373-7016A2312196}.Release|Any CPU.Build.0 = Release|Any CPU
	EndGlobalSection
	GlobalSection(SolutionProperties) = preSolution
		HideSolutionNode = FALSE
	EndGlobalSection
	GlobalSection(NestedProjects) = preSolution
		{57FCBF20-39A0-4C07-A48A-12800B228107} = {3A79D9CC-4FCC-4606-B057-A5E2560C28A9}
		{836025D5-A6FF-4CDE-9373-7016A2312196} = {0CF509F9-0459-4312-A537-63BE66A1ACA2}
	EndGlobalSection
	GlobalSection(ExtensibilityGlobals) = postSolution
		SolutionGuid = {DA8C1A7F-DCFB-4048-B59B-F2A401748E39}
	EndGlobalSection
EndGlobal
